
Microsoft Visual Studio Solution File, Format Version 12.00
# Visual Studio Version 16
VisualStudioVersion = 16.0.33027.164
MinimumVisualStudioVersion = 10.0.40219.1
Project("{FAE04EC0-301F-11D3-BF4B-00C04F79EFBC}") = "WebApi", "WebApi\WebApi.csproj", "{1EA68DF9-C47D-498D-885A-525AFB2C247F}"
EndProject
Project("{FAE04EC0-301F-11D3-BF4B-00C04F79EFBC}") = "EmployeeServices", "WebApiServices\EmployeeServices.csproj", "{511D5B89-1B62-4B43-9A84-EB4D78A76ED0}"
EndProject
Project("{FAE04EC0-301F-11D3-BF4B-00C04F79EFBC}") = "EmployeeWeb", "EmployeeWeb\EmployeeWeb.csproj", "{FCA1A87A-8555-442C-85B8-10C95C7B9A4D}"
EndProject
Project("{FAE04EC0-301F-11D3-BF4B-00C04F79EFBC}") = "Domain", "Domain\Domain.csproj", "{26FC7AAF-8226-4A22-B106-BE19FAD5FD33}"
EndProject
Project("{FAE04EC0-301F-11D3-BF4B-00C04F79EFBC}") = "EmployeeDataAccess", "EmployeeDataAccess\EmployeeDataAccess.csproj", "{BB8B1419-98FA-4729-9D14-5028F64998A7}"
EndProject
Project("{FAE04EC0-301F-11D3-BF4B-00C04F79EFBC}") = "EmployeeTest", "EmployeeTest\EmployeeTest.csproj", "{C28D9337-6DD8-4D38-95A3-CD6B178AABCD}"
EndProject
Global
	GlobalSection(SolutionConfigurationPlatforms) = preSolution
		Debug|Any CPU = Debug|Any CPU
		Release|Any CPU = Release|Any CPU
	EndGlobalSection
	GlobalSection(ProjectConfigurationPlatforms) = postSolution
		{1EA68DF9-C47D-498D-885A-525AFB2C247F}.Debug|Any CPU.ActiveCfg = Debug|Any CPU
		{1EA68DF9-C47D-498D-885A-525AFB2C247F}.Debug|Any CPU.Build.0 = Debug|Any CPU
		{1EA68DF9-C47D-498D-885A-525AFB2C247F}.Release|Any CPU.ActiveCfg = Release|Any CPU
		{1EA68DF9-C47D-498D-885A-525AFB2C247F}.Release|Any CPU.Build.0 = Release|Any CPU
		{511D5B89-1B62-4B43-9A84-EB4D78A76ED0}.Debug|Any CPU.ActiveCfg = Debug|Any CPU
		{511D5B89-1B62-4B43-9A84-EB4D78A76ED0}.Debug|Any CPU.Build.0 = Debug|Any CPU
		{511D5B89-1B62-4B43-9A84-EB4D78A76ED0}.Release|Any CPU.ActiveCfg = Release|Any CPU
		{511D5B89-1B62-4B43-9A84-EB4D78A76ED0}.Release|Any CPU.Build.0 = Release|Any CPU
		{FCA1A87A-8555-442C-85B8-10C95C7B9A4D}.Debug|Any CPU.ActiveCfg = Debug|Any CPU
		{FCA1A87A-8555-442C-85B8-10C95C7B9A4D}.Debug|Any CPU.Build.0 = Debug|Any CPU
		{FCA1A87A-8555-442C-85B8-10C95C7B9A4D}.Release|Any CPU.ActiveCfg = Release|Any CPU
		{FCA1A87A-8555-442C-85B8-10C95C7B9A4D}.Release|Any CPU.Build.0 = Release|Any CPU
		{26FC7AAF-8226-4A22-B106-BE19FAD5FD33}.Debug|Any CPU.ActiveCfg = Debug|Any CPU
		{26FC7AAF-8226-4A22-B106-BE19FAD5FD33}.Debug|Any CPU.Build.0 = Debug|Any CPU
		{26FC7AAF-8226-4A22-B106-BE19FAD5FD33}.Release|Any CPU.ActiveCfg = Release|Any CPU
		{26FC7AAF-8226-4A22-B106-BE19FAD5FD33}.Release|Any CPU.Build.0 = Release|Any CPU
		{BB8B1419-98FA-4729-9D14-5028F64998A7}.Debug|Any CPU.ActiveCfg = Debug|Any CPU
		{BB8B1419-98FA-4729-9D14-5028F64998A7}.Debug|Any CPU.Build.0 = Debug|Any CPU
		{BB8B1419-98FA-4729-9D14-5028F64998A7}.Release|Any CPU.ActiveCfg = Release|Any CPU
		{BB8B1419-98FA-4729-9D14-5028F64998A7}.Release|Any CPU.Build.0 = Release|Any CPU
		{C28D9337-6DD8-4D38-95A3-CD6B178AABCD}.Debug|Any CPU.ActiveCfg = Debug|Any CPU
		{C28D9337-6DD8-4D38-95A3-CD6B178AABCD}.Debug|Any CPU.Build.0 = Debug|Any CPU
		{C28D9337-6DD8-4D38-95A3-CD6B178AABCD}.Release|Any CPU.ActiveCfg = Release|Any CPU
		{C28D9337-6DD8-4D38-95A3-CD6B178AABCD}.Release|Any CPU.Build.0 = Release|Any CPU
	EndGlobalSection
	GlobalSection(SolutionProperties) = preSolution
		HideSolutionNode = FALSE
	EndGlobalSection
	GlobalSection(ExtensibilityGlobals) = postSolution
		SolutionGuid = {F3DBAFDD-9236-4F9E-B462-71EC5941CE48}
	EndGlobalSection
EndGlobal
